
Microsoft Visual Studio Solution File, Format Version 12.00
# Visual Studio Version 17
VisualStudioVersion = 17.5.33414.496
MinimumVisualStudioVersion = 10.0.40219.1
Project("{9A19103F-16F7-4668-BE54-9A1E7A4F7556}") = "TatBlog.Core", "TatBlog.Core\TatBlog.Core.csproj", "{AFAEAB9F-730E-4FE5-95A5-BE01A97B8B3E}"
EndProject
Project("{9A19103F-16F7-4668-BE54-9A1E7A4F7556}") = "TatBlog.Data", "TatBlog.Data\TatBlog.Data.csproj", "{3DF26F57-54EA-484A-9792-0B091CAB65B7}"
EndProject
Project("{9A19103F-16F7-4668-BE54-9A1E7A4F7556}") = "TatBlog.Services", "TatBlog.Services\TatBlog.Services.csproj", "{0B26832B-8C32-4872-A416-84D0B5F1725A}"
EndProject
Project("{9A19103F-16F7-4668-BE54-9A1E7A4F7556}") = "TatBlog.WinApp.", "TatBlog.WinApp\TatBlog.WinApp..csproj", "{3151576F-C95F-40EE-A81E-C7B27F397753}"
EndProject
Project("{9A19103F-16F7-4668-BE54-9A1E7A4F7556}") = "TatBlog.WebApp", "TatBlog.WebApp\TatBlog.WebApp.csproj", "{6FFFF0B2-1904-4551-922A-753A966DB57F}"
EndProject
Global
	GlobalSection(SolutionConfigurationPlatforms) = preSolution
		Debug|Any CPU = Debug|Any CPU
		Release|Any CPU = Release|Any CPU
	EndGlobalSection
	GlobalSection(ProjectConfigurationPlatforms) = postSolution
		{AFAEAB9F-730E-4FE5-95A5-BE01A97B8B3E}.Debug|Any CPU.ActiveCfg = Debug|Any CPU
		{AFAEAB9F-730E-4FE5-95A5-BE01A97B8B3E}.Debug|Any CPU.Build.0 = Debug|Any CPU
		{AFAEAB9F-730E-4FE5-95A5-BE01A97B8B3E}.Release|Any CPU.ActiveCfg = Release|Any CPU
		{AFAEAB9F-730E-4FE5-95A5-BE01A97B8B3E}.Release|Any CPU.Build.0 = Release|Any CPU
		{3DF26F57-54EA-484A-9792-0B091CAB65B7}.Debug|Any CPU.ActiveCfg = Debug|Any CPU
		{3DF26F57-54EA-484A-9792-0B091CAB65B7}.Debug|Any CPU.Build.0 = Debug|Any CPU
		{3DF26F57-54EA-484A-9792-0B091CAB65B7}.Release|Any CPU.ActiveCfg = Release|Any CPU
		{3DF26F57-54EA-484A-9792-0B091CAB65B7}.Release|Any CPU.Build.0 = Release|Any CPU
		{0B26832B-8C32-4872-A416-84D0B5F1725A}.Debug|Any CPU.ActiveCfg = Debug|Any CPU
		{0B26832B-8C32-4872-A416-84D0B5F1725A}.Debug|Any CPU.Build.0 = Debug|Any CPU
		{0B26832B-8C32-4872-A416-84D0B5F1725A}.Release|Any CPU.ActiveCfg = Release|Any CPU
		{0B26832B-8C32-4872-A416-84D0B5F1725A}.Release|Any CPU.Build.0 = Release|Any CPU
		{3151576F-C95F-40EE-A81E-C7B27F397753}.Debug|Any CPU.ActiveCfg = Debug|Any CPU
		{3151576F-C95F-40EE-A81E-C7B27F397753}.Debug|Any CPU.Build.0 = Debug|Any CPU
		{3151576F-C95F-40EE-A81E-C7B27F397753}.Release|Any CPU.ActiveCfg = Release|Any CPU
		{3151576F-C95F-40EE-A81E-C7B27F397753}.Release|Any CPU.Build.0 = Release|Any CPU
		{6FFFF0B2-1904-4551-922A-753A966DB57F}.Debug|Any CPU.ActiveCfg = Debug|Any CPU
		{6FFFF0B2-1904-4551-922A-753A966DB57F}.Debug|Any CPU.Build.0 = Debug|Any CPU
		{6FFFF0B2-1904-4551-922A-753A966DB57F}.Release|Any CPU.ActiveCfg = Release|Any CPU
		{6FFFF0B2-1904-4551-922A-753A966DB57F}.Release|Any CPU.Build.0 = Release|Any CPU
	EndGlobalSection
	GlobalSection(SolutionProperties) = preSolution
		HideSolutionNode = FALSE
	EndGlobalSection
	GlobalSection(ExtensibilityGlobals) = postSolution
		SolutionGuid = {B8EC4C70-AD67-4329-B063-7528454EF1E9}
	EndGlobalSection
EndGlobal
